# This file is automatically @generated by Cargo.
# It is not intended for manual editing.
[[package]]
name = "aoc2020-common"
version = "0.1.0"

[[package]]
name = "aoc2020-day01"
version = "0.1.0"
dependencies = [
 "aoc2020-common",
]

[[package]]
name = "aoc2020-day02"
version = "0.1.0"
dependencies = [
 "aoc2020-common",
]

[[package]]
name = "aoc2020-day03"
version = "0.1.0"
dependencies = [
 "aoc2020-common",
]
